
Microsoft Visual Studio Solution File, Format Version 12.00
# Visual Studio Version 16
VisualStudioVersion = 16.0.35130.168
MinimumVisualStudioVersion = 10.0.40219.1
Project("{FAE04EC0-301F-11D3-BF4B-00C04F79EFBC}") = "NileLibrary", "NileLibrary.csproj", "{06BF876E-7083-4CC3-A117-23B2C577CE26}"
EndProject
Global
	GlobalSection(SolutionConfigurationPlatforms) = preSolution
		Debug|Any CPU = Debug|Any CPU
		Release|Any CPU = Release|Any CPU
	EndGlobalSection
	GlobalSection(ProjectConfigurationPlatforms) = postSolution
		{06BF876E-7083-4CC3-A117-23B2C577CE26}.Debug|Any CPU.ActiveCfg = Debug|Any CPU
		{06BF876E-7083-4CC3-A117-23B2C577CE26}.Debug|Any CPU.Build.0 = Debug|Any CPU
		{06BF876E-7083-4CC3-A117-23B2C577CE26}.Release|Any CPU.ActiveCfg = Release|Any CPU
		{06BF876E-7083-4CC3-A117-23B2C577CE26}.Release|Any CPU.Build.0 = Release|Any CPU
	EndGlobalSection
	GlobalSection(SolutionProperties) = preSolution
		HideSolutionNode = FALSE
	EndGlobalSection
	GlobalSection(ExtensibilityGlobals) = postSolution
		SolutionGuid = {8899808F-4792-4221-A416-306816DC8B60}
	EndGlobalSection
EndGlobal
